
Microsoft Visual Studio Solution File, Format Version 12.00
# Visual Studio Version 16
VisualStudioVersion = 16.0.30804.86
MinimumVisualStudioVersion = 15.0.26124.0
Project("{9A19103F-16F7-4668-BE54-9A1E7A4F7556}") = "TestDatabase.Sample.LoggingUtilities", "TestDatabase.Sample.LoggingUtilities\TestDatabase.Sample.LoggingUtilities.csproj", "{C7B2D4CC-7F89-49BD-9C3C-E11ED42F71B3}"
EndProject
Project("{9A19103F-16F7-4668-BE54-9A1E7A4F7556}") = "TestDatabase.Sample.WebApiWithEFCore", "TestDatabase.Sample.WebApiWithEFCore\TestDatabase.Sample.WebApiWithEFCore.csproj", "{29BD9658-920D-4415-A279-A6D1017474E8}"
EndProject
Project("{9A19103F-16F7-4668-BE54-9A1E7A4F7556}") = "TestDatabase.Sample.WebApiWithEFCore.NUnit", "TestDatabase.Sample.WebApiWithEFCore.NUnit\TestDatabase.Sample.WebApiWithEFCore.NUnit.csproj", "{0159BD84-2B12-487B-A2D3-174AB8A7DE8F}"
EndProject
Global
	GlobalSection(SolutionConfigurationPlatforms) = preSolution
		Debug|Any CPU = Debug|Any CPU
		Debug|x64 = Debug|x64
		Debug|x86 = Debug|x86
		Release|Any CPU = Release|Any CPU
		Release|x64 = Release|x64
		Release|x86 = Release|x86
	EndGlobalSection
	GlobalSection(ProjectConfigurationPlatforms) = postSolution
		{C7B2D4CC-7F89-49BD-9C3C-E11ED42F71B3}.Debug|Any CPU.ActiveCfg = Debug|Any CPU
		{C7B2D4CC-7F89-49BD-9C3C-E11ED42F71B3}.Debug|Any CPU.Build.0 = Debug|Any CPU
		{C7B2D4CC-7F89-49BD-9C3C-E11ED42F71B3}.Debug|x64.ActiveCfg = Debug|Any CPU
		{C7B2D4CC-7F89-49BD-9C3C-E11ED42F71B3}.Debug|x64.Build.0 = Debug|Any CPU
		{C7B2D4CC-7F89-49BD-9C3C-E11ED42F71B3}.Debug|x86.ActiveCfg = Debug|Any CPU
		{C7B2D4CC-7F89-49BD-9C3C-E11ED42F71B3}.Debug|x86.Build.0 = Debug|Any CPU
		{C7B2D4CC-7F89-49BD-9C3C-E11ED42F71B3}.Release|Any CPU.ActiveCfg = Release|Any CPU
		{C7B2D4CC-7F89-49BD-9C3C-E11ED42F71B3}.Release|Any CPU.Build.0 = Release|Any CPU
		{C7B2D4CC-7F89-49BD-9C3C-E11ED42F71B3}.Release|x64.ActiveCfg = Release|Any CPU
		{C7B2D4CC-7F89-49BD-9C3C-E11ED42F71B3}.Release|x64.Build.0 = Release|Any CPU
		{C7B2D4CC-7F89-49BD-9C3C-E11ED42F71B3}.Release|x86.ActiveCfg = Release|Any CPU
		{C7B2D4CC-7F89-49BD-9C3C-E11ED42F71B3}.Release|x86.Build.0 = Release|Any CPU
		{29BD9658-920D-4415-A279-A6D1017474E8}.Debug|Any CPU.ActiveCfg = Debug|Any CPU
		{29BD9658-920D-4415-A279-A6D1017474E8}.Debug|Any CPU.Build.0 = Debug|Any CPU
		{29BD9658-920D-4415-A279-A6D1017474E8}.Debug|x64.ActiveCfg = Debug|Any CPU
		{29BD9658-920D-4415-A279-A6D1017474E8}.Debug|x64.Build.0 = Debug|Any CPU
		{29BD9658-920D-4415-A279-A6D1017474E8}.Debug|x86.ActiveCfg = Debug|Any CPU
		{29BD9658-920D-4415-A279-A6D1017474E8}.Debug|x86.Build.0 = Debug|Any CPU
		{29BD9658-920D-4415-A279-A6D1017474E8}.Release|Any CPU.ActiveCfg = Release|Any CPU
		{29BD9658-920D-4415-A279-A6D1017474E8}.Release|Any CPU.Build.0 = Release|Any CPU
		{29BD9658-920D-4415-A279-A6D1017474E8}.Release|x64.ActiveCfg = Release|Any CPU
		{29BD9658-920D-4415-A279-A6D1017474E8}.Release|x64.Build.0 = Release|Any CPU
		{29BD9658-920D-4415-A279-A6D1017474E8}.Release|x86.ActiveCfg = Release|Any CPU
		{29BD9658-920D-4415-A279-A6D1017474E8}.Release|x86.Build.0 = Release|Any CPU
		{0159BD84-2B12-487B-A2D3-174AB8A7DE8F}.Debug|Any CPU.ActiveCfg = Debug|Any CPU
		{0159BD84-2B12-487B-A2D3-174AB8A7DE8F}.Debug|Any CPU.Build.0 = Debug|Any CPU
		{0159BD84-2B12-487B-A2D3-174AB8A7DE8F}.Debug|x64.ActiveCfg = Debug|Any CPU
		{0159BD84-2B12-487B-A2D3-174AB8A7DE8F}.Debug|x64.Build.0 = Debug|Any CPU
		{0159BD84-2B12-487B-A2D3-174AB8A7DE8F}.Debug|x86.ActiveCfg = Debug|Any CPU
		{0159BD84-2B12-487B-A2D3-174AB8A7DE8F}.Debug|x86.Build.0 = Debug|Any CPU
		{0159BD84-2B12-487B-A2D3-174AB8A7DE8F}.Release|Any CPU.ActiveCfg = Release|Any CPU
		{0159BD84-2B12-487B-A2D3-174AB8A7DE8F}.Release|Any CPU.Build.0 = Release|Any CPU
		{0159BD84-2B12-487B-A2D3-174AB8A7DE8F}.Release|x64.ActiveCfg = Release|Any CPU
		{0159BD84-2B12-487B-A2D3-174AB8A7DE8F}.Release|x64.Build.0 = Release|Any CPU
		{0159BD84-2B12-487B-A2D3-174AB8A7DE8F}.Release|x86.ActiveCfg = Release|Any CPU
		{0159BD84-2B12-487B-A2D3-174AB8A7DE8F}.Release|x86.Build.0 = Release|Any CPU
	EndGlobalSection
	GlobalSection(SolutionProperties) = preSolution
		HideSolutionNode = FALSE
	EndGlobalSection
	GlobalSection(ExtensibilityGlobals) = postSolution
		SolutionGuid = {BF7732AE-3C47-4C00-8890-9CA3836A7F8D}
	EndGlobalSection
EndGlobal
